
Microsoft Visual Studio Solution File, Format Version 12.00
# Visual Studio Version 16
VisualStudioVersion = 16.0.31005.135
MinimumVisualStudioVersion = 10.0.40219.1
Project("{FAE04EC0-301F-11D3-BF4B-00C04F79EFBC}") = "Lab03", "Lab03\Lab03.csproj", "{056E7C41-5989-4508-88FA-7ACAF8022D60}"
EndProject
Global
	GlobalSection(SolutionConfigurationPlatforms) = preSolution
		Debug|Any CPU = Debug|Any CPU
		Release|Any CPU = Release|Any CPU
	EndGlobalSection
	GlobalSection(ProjectConfigurationPlatforms) = postSolution
		{056E7C41-5989-4508-88FA-7ACAF8022D60}.Debug|Any CPU.ActiveCfg = Debug|Any CPU
		{056E7C41-5989-4508-88FA-7ACAF8022D60}.Debug|Any CPU.Build.0 = Debug|Any CPU
		{056E7C41-5989-4508-88FA-7ACAF8022D60}.Release|Any CPU.ActiveCfg = Release|Any CPU
		{056E7C41-5989-4508-88FA-7ACAF8022D60}.Release|Any CPU.Build.0 = Release|Any CPU
	EndGlobalSection
	GlobalSection(SolutionProperties) = preSolution
		HideSolutionNode = FALSE
	EndGlobalSection
	GlobalSection(ExtensibilityGlobals) = postSolution
		SolutionGuid = {450562C2-A130-4FBD-80DF-5C3338E667DA}
	EndGlobalSection
EndGlobal
